// !$*UTF8*$!
{
	archiveVersion = 1;
	classes = {
	};
	objectVersion = 56;
	objects = {

/* Begin PBXBuildFile section */
		3F08EABF2982F65F00272DFB /* People.swift in Sources */ = {isa = PBXBuildFile; fileRef = 3F08EABE2982F65F00272DFB /* People.swift */; };
		3F08EAC12982F75E00272DFB /* PeopleViewController.swift in Sources */ = {isa = PBXBuildFile; fileRef = 3F08EAC02982F75E00272DFB /* PeopleViewController.swift */; };
		47DC0374298307B70034430A /* PeopleList.swift in Sources */ = {isa = PBXBuildFile; fileRef = 47DC0373298307B70034430A /* PeopleList.swift */; };
		A067F0F52981A2630047A21B /* AppDelegate.swift in Sources */ = {isa = PBXBuildFile; fileRef = A067F0F42981A2630047A21B /* AppDelegate.swift */; };
		A067F0F72981A2630047A21B /* SceneDelegate.swift in Sources */ = {isa = PBXBuildFile; fileRef = A067F0F62981A2630047A21B /* SceneDelegate.swift */; };
		A067F0F92981A2630047A21B /* ViewController.swift in Sources */ = {isa = PBXBuildFile; fileRef = A067F0F82981A2630047A21B /* ViewController.swift */; };
		A067F0FC2981A2630047A21B /* Main.storyboard in Resources */ = {isa = PBXBuildFile; fileRef = A067F0FA2981A2630047A21B /* Main.storyboard */; };
		A067F0FE2981A2640047A21B /* Assets.xcassets in Resources */ = {isa = PBXBuildFile; fileRef = A067F0FD2981A2640047A21B /* Assets.xcassets */; };
		A067F1012981A2640047A21B /* LaunchScreen.storyboard in Resources */ = {isa = PBXBuildFile; fileRef = A067F0FF2981A2640047A21B /* LaunchScreen.storyboard */; };
		A067F1092981B4D10047A21B /* PlanetsViewController.swift in Sources */ = {isa = PBXBuildFile; fileRef = A067F1082981B4D10047A21B /* PlanetsViewController.swift */; };
		A067F10B2981B55F0047A21B /* StarWarsAPI.swift in Sources */ = {isa = PBXBuildFile; fileRef = A067F10A2981B55F0047A21B /* StarWarsAPI.swift */; };
		A067F10F2981B9DC0047A21B /* Planet.swift in Sources */ = {isa = PBXBuildFile; fileRef = A067F10E2981B9DC0047A21B /* Planet.swift */; };
/* End PBXBuildFile section */

/* Begin PBXFileReference section */
		3F08EABE2982F65F00272DFB /* People.swift */ = {isa = PBXFileReference; lastKnownFileType = sourcecode.swift; path = People.swift; sourceTree = "<group>"; };
		3F08EAC02982F75E00272DFB /* PeopleViewController.swift */ = {isa = PBXFileReference; lastKnownFileType = sourcecode.swift; path = PeopleViewController.swift; sourceTree = "<group>"; };
		47DC0373298307B70034430A /* PeopleList.swift */ = {isa = PBXFileReference; lastKnownFileType = sourcecode.swift; path = PeopleList.swift; sourceTree = "<group>"; };
		A067F0F12981A2630047A21B /* urlsessions.app */ = {isa = PBXFileReference; explicitFileType = wrapper.application; includeInIndex = 0; path = urlsessions.app; sourceTree = BUILT_PRODUCTS_DIR; };
		A067F0F42981A2630047A21B /* AppDelegate.swift */ = {isa = PBXFileReference; lastKnownFileType = sourcecode.swift; path = AppDelegate.swift; sourceTree = "<group>"; };
		A067F0F62981A2630047A21B /* SceneDelegate.swift */ = {isa = PBXFileReference; lastKnownFileType = sourcecode.swift; path = SceneDelegate.swift; sourceTree = "<group>"; };
		A067F0F82981A2630047A21B /* ViewController.swift */ = {isa = PBXFileReference; lastKnownFileType = sourcecode.swift; path = ViewController.swift; sourceTree = "<group>"; };
		A067F0FB2981A2630047A21B /* Base */ = {isa = PBXFileReference; lastKnownFileType = file.storyboard; name = Base; path = Base.lproj/Main.storyboard; sourceTree = "<group>"; };
		A067F0FD2981A2640047A21B /* Assets.xcassets */ = {isa = PBXFileReference; lastKnownFileType = folder.assetcatalog; path = Assets.xcassets; sourceTree = "<group>"; };
		A067F1002981A2640047A21B /* Base */ = {isa = PBXFileReference; lastKnownFileType = file.storyboard; name = Base; path = Base.lproj/LaunchScreen.storyboard; sourceTree = "<group>"; };
		A067F1022981A2640047A21B /* Info.plist */ = {isa = PBXFileReference; lastKnownFileType = text.plist.xml; path = Info.plist; sourceTree = "<group>"; };
		A067F1082981B4D10047A21B /* PlanetsViewController.swift */ = {isa = PBXFileReference; lastKnownFileType = sourcecode.swift; path = PlanetsViewController.swift; sourceTree = "<group>"; };
		A067F10A2981B55F0047A21B /* StarWarsAPI.swift */ = {isa = PBXFileReference; lastKnownFileType = sourcecode.swift; path = StarWarsAPI.swift; sourceTree = "<group>"; };
		A067F10E2981B9DC0047A21B /* Planet.swift */ = {isa = PBXFileReference; lastKnownFileType = sourcecode.swift; path = Planet.swift; sourceTree = "<group>"; };
/* End PBXFileReference section */

/* Begin PBXFrameworksBuildPhase section */
		A067F0EE2981A2630047A21B /* Frameworks */ = {
			isa = PBXFrameworksBuildPhase;
			buildActionMask = 2147483647;
			files = (
			);
			runOnlyForDeploymentPostprocessing = 0;
		};
/* End PBXFrameworksBuildPhase section */

/* Begin PBXGroup section */
		A067F0E82981A2630047A21B = {
			isa = PBXGroup;
			children = (
				A067F0F32981A2630047A21B /* urlsessions */,
				A067F0F22981A2630047A21B /* Products */,
			);
			sourceTree = "<group>";
		};
		A067F0F22981A2630047A21B /* Products */ = {
			isa = PBXGroup;
			children = (
				A067F0F12981A2630047A21B /* urlsessions.app */,
			);
			name = Products;
			sourceTree = "<group>";
		};
		A067F0F32981A2630047A21B /* urlsessions */ = {
			isa = PBXGroup;
			children = (
				A067F0F42981A2630047A21B /* AppDelegate.swift */,
				A067F0F62981A2630047A21B /* SceneDelegate.swift */,
				A067F0FA2981A2630047A21B /* Main.storyboard */,
				A067F0F82981A2630047A21B /* ViewController.swift */,
				3F08EAC02982F75E00272DFB /* PeopleViewController.swift */,
				A067F1082981B4D10047A21B /* PlanetsViewController.swift */,
				A067F10D2981B57E0047A21B /* DataModels */,
				A067F10C2981B5720047A21B /* Services */,
				A067F0FD2981A2640047A21B /* Assets.xcassets */,
				A067F0FF2981A2640047A21B /* LaunchScreen.storyboard */,
				A067F1022981A2640047A21B /* Info.plist */,
			);
			path = urlsessions;
			sourceTree = "<group>";
		};
		A067F10C2981B5720047A21B /* Services */ = {
			isa = PBXGroup;
			children = (
				A067F10A2981B55F0047A21B /* StarWarsAPI.swift */,
			);
			path = Services;
			sourceTree = "<group>";
		};
		A067F10D2981B57E0047A21B /* DataModels */ = {
			isa = PBXGroup;
			children = (
				A067F10E2981B9DC0047A21B /* Planet.swift */,
				3F08EABE2982F65F00272DFB /* People.swift */,
				47DC0373298307B70034430A /* PeopleList.swift */,
			);
			path = DataModels;
			sourceTree = "<group>";
		};
/* End PBXGroup section */

/* Begin PBXNativeTarget section */
		A067F0F02981A2630047A21B /* urlsessions */ = {
			isa = PBXNativeTarget;
			buildConfigurationList = A067F1052981A2640047A21B /* Build configuration list for PBXNativeTarget "urlsessions" */;
			buildPhases = (
				A067F0ED2981A2630047A21B /* Sources */,
				A067F0EE2981A2630047A21B /* Frameworks */,
				A067F0EF2981A2630047A21B /* Resources */,
			);
			buildRules = (
			);
			dependencies = (
			);
			name = urlsessions;
			productName = urlsessions;
			productReference = A067F0F12981A2630047A21B /* urlsessions.app */;
			productType = "com.apple.product-type.application";
		};
/* End PBXNativeTarget section */

/* Begin PBXProject section */
		A067F0E92981A2630047A21B /* Project object */ = {
			isa = PBXProject;
			attributes = {
				BuildIndependentTargetsInParallel = 1;
				LastSwiftUpdateCheck = 1420;
				LastUpgradeCheck = 1420;
				TargetAttributes = {
					A067F0F02981A2630047A21B = {
						CreatedOnToolsVersion = 14.2;
					};
				};
			};
			buildConfigurationList = A067F0EC2981A2630047A21B /* Build configuration list for PBXProject "urlsessions" */;
			compatibilityVersion = "Xcode 14.0";
			developmentRegion = en;
			hasScannedForEncodings = 0;
			knownRegions = (
				en,
				Base,
			);
			mainGroup = A067F0E82981A2630047A21B;
			productRefGroup = A067F0F22981A2630047A21B /* Products */;
			projectDirPath = "";
			projectRoot = "";
			targets = (
				A067F0F02981A2630047A21B /* urlsessions */,
			);
		};
/* End PBXProject section */

/* Begin PBXResourcesBuildPhase section */
		A067F0EF2981A2630047A21B /* Resources */ = {
			isa = PBXResourcesBuildPhase;
			buildActionMask = 2147483647;
			files = (
				A067F1012981A2640047A21B /* LaunchScreen.storyboard in Resources */,
				A067F0FE2981A2640047A21B /* Assets.xcassets in Resources */,
				A067F0FC2981A2630047A21B /* Main.storyboard in Resources */,
			);
			runOnlyForDeploymentPostprocessing = 0;
		};
/* End PBXResourcesBuildPhase section */

/* Begin PBXSourcesBuildPhase section */
		A067F0ED2981A2630047A21B /* Sources */ = {
			isa = PBXSourcesBuildPhase;
			buildActionMask = 2147483647;
			files = (
				A067F1092981B4D10047A21B /* PlanetsViewController.swift in Sources */,
				3F08EAC12982F75E00272DFB /* PeopleViewController.swift in Sources */,
				A067F0F92981A2630047A21B /* ViewController.swift in Sources */,
				47DC0374298307B70034430A /* PeopleList.swift in Sources */,
				A067F0F52981A2630047A21B /* AppDelegate.swift in Sources */,
				A067F10F2981B9DC0047A21B /* Planet.swift in Sources */,
				A067F10B2981B55F0047A21B /* StarWarsAPI.swift in Sources */,
				A067F0F72981A2630047A21B /* SceneDelegate.swift in Sources */,
				3F08EABF2982F65F00272DFB /* People.swift in Sources */,
			);
			runOnlyForDeploymentPostprocessing = 0;
		};
/* End PBXSourcesBuildPhase section */

/* Begin PBXVariantGroup section */
		A067F0FA2981A2630047A21B /* Main.storyboard */ = {
			isa = PBXVariantGroup;
			children = (
				A067F0FB2981A2630047A21B /* Base */,
			);
			name = Main.storyboard;
			sourceTree = "<group>";
		};
		A067F0FF2981A2640047A21B /* LaunchScreen.storyboard */ = {
			isa = PBXVariantGroup;
			children = (
				A067F1002981A2640047A21B /* Base */,
			);
			name = LaunchScreen.storyboard;
			sourceTree = "<group>";
		};
/* End PBXVariantGroup section */

/* Begin XCBuildConfiguration section */
		A067F1032981A2640047A21B /* Debug */ = {
			isa = XCBuildConfiguration;
			buildSettings = {
				ALWAYS_SEARCH_USER_PATHS = NO;
				CLANG_ANALYZER_NONNULL = YES;
				CLANG_ANALYZER_NUMBER_OBJECT_CONVERSION = YES_AGGRESSIVE;
				CLANG_CXX_LANGUAGE_STANDARD = "gnu++20";
				CLANG_ENABLE_MODULES = YES;
				CLANG_ENABLE_OBJC_ARC = YES;
				CLANG_ENABLE_OBJC_WEAK = YES;
				CLANG_WARN_BLOCK_CAPTURE_AUTORELEASING = YES;
				CLANG_WARN_BOOL_CONVERSION = YES;
				CLANG_WARN_COMMA = YES;
				CLANG_WARN_CONSTANT_CONVERSION = YES;
				CLANG_WARN_DEPRECATED_OBJC_IMPLEMENTATIONS = YES;
				CLANG_WARN_DIRECT_OBJC_ISA_USAGE = YES_ERROR;
				CLANG_WARN_DOCUMENTATION_COMMENTS = YES;
				CLANG_WARN_EMPTY_BODY = YES;
				CLANG_WARN_ENUM_CONVERSION = YES;
				CLANG_WARN_INFINITE_RECURSION = YES;
				CLANG_WARN_INT_CONVERSION = YES;
				CLANG_WARN_NON_LITERAL_NULL_CONVERSION = YES;
				CLANG_WARN_OBJC_IMPLICIT_RETAIN_SELF = YES;
				CLANG_WARN_OBJC_LITERAL_CONVERSION = YES;
				CLANG_WARN_OBJC_ROOT_CLASS = YES_ERROR;
				CLANG_WARN_QUOTED_INCLUDE_IN_FRAMEWORK_HEADER = YES;
				CLANG_WARN_RANGE_LOOP_ANALYSIS = YES;
				CLANG_WARN_STRICT_PROTOTYPES = YES;
				CLANG_WARN_SUSPICIOUS_MOVE = YES;
				CLANG_WARN_UNGUARDED_AVAILABILITY = YES_AGGRESSIVE;
				CLANG_WARN_UNREACHABLE_CODE = YES;
				CLANG_WARN__DUPLICATE_METHOD_MATCH = YES;
				COPY_PHASE_STRIP = NO;
				DEBUG_INFORMATION_FORMAT = dwarf;
				ENABLE_STRICT_OBJC_MSGSEND = YES;
				ENABLE_TESTABILITY = YES;
				GCC_C_LANGUAGE_STANDARD = gnu11;
				GCC_DYNAMIC_NO_PIC = NO;
				GCC_NO_COMMON_BLOCKS = YES;
				GCC_OPTIMIZATION_LEVEL = 0;
				GCC_PREPROCESSOR_DEFINITIONS = (
					"DEBUG=1",
					"$(inherited)",
				);
				GCC_WARN_64_TO_32_BIT_CONVERSION = YES;
				GCC_WARN_ABOUT_RETURN_TYPE = YES_ERROR;
				GCC_WARN_UNDECLARED_SELECTOR = YES;
				GCC_WARN_UNINITIALIZED_AUTOS = YES_AGGRESSIVE;
				GCC_WARN_UNUSED_FUNCTION = YES;
				GCC_WARN_UNUSED_VARIABLE = YES;
				IPHONEOS_DEPLOYMENT_TARGET = 16.2;
				MTL_ENABLE_DEBUG_INFO = INCLUDE_SOURCE;
				MTL_FAST_MATH = YES;
				ONLY_ACTIVE_ARCH = YES;
				SDKROOT = iphoneos;
				SWIFT_ACTIVE_COMPILATION_CONDITIONS = DEBUG;
				SWIFT_OPTIMIZATION_LEVEL = "-Onone";
			};
			name = Debug;
		};
		A067F1042981A2640047A21B /* Release */ = {
			isa = XCBuildConfiguration;
			buildSettings = {
				ALWAYS_SEARCH_USER_PATHS = NO;
				CLANG_ANALYZER_NONNULL = YES;
				CLANG_ANALYZER_NUMBER_OBJECT_CONVERSION = YES_AGGRESSIVE;
				CLANG_CXX_LANGUAGE_STANDARD = "gnu++20";
				CLANG_ENABLE_MODULES = YES;
				CLANG_ENABLE_OBJC_ARC = YES;
				CLANG_ENABLE_OBJC_WEAK = YES;
				CLANG_WARN_BLOCK_CAPTURE_AUTORELEASING = YES;
				CLANG_WARN_BOOL_CONVERSION = YES;
				CLANG_WARN_COMMA = YES;
				CLANG_WARN_CONSTANT_CONVERSION = YES;
				CLANG_WARN_DEPRECATED_OBJC_IMPLEMENTATIONS = YES;
				CLANG_WARN_DIRECT_OBJC_ISA_USAGE = YES_ERROR;
				CLANG_WARN_DOCUMENTATION_COMMENTS = YES;
				CLANG_WARN_EMPTY_BODY = YES;
				CLANG_WARN_ENUM_CONVERSION = YES;
				CLANG_WARN_INFINITE_RECURSION = YES;
				CLANG_WARN_INT_CONVERSION = YES;
				CLANG_WARN_NON_LITERAL_NULL_CONVERSION = YES;
				CLANG_WARN_OBJC_IMPLICIT_RETAIN_SELF = YES;
				CLANG_WARN_OBJC_LITERAL_CONVERSION = YES;
				CLANG_WARN_OBJC_ROOT_CLASS = YES_ERROR;
				CLANG_WARN_QUOTED_INCLUDE_IN_FRAMEWORK_HEADER = YES;
				CLANG_WARN_RANGE_LOOP_ANALYSIS = YES;
				CLANG_WARN_STRICT_PROTOTYPES = YES;
				CLANG_WARN_SUSPICIOUS_MOVE = YES;
				CLANG_WARN_UNGUARDED_AVAILABILITY = YES_AGGRESSIVE;
				CLANG_WARN_UNREACHABLE_CODE = YES;
				CLANG_WARN__DUPLICATE_METHOD_MATCH = YES;
				COPY_PHASE_STRIP = NO;
				DEBUG_INFORMATION_FORMAT = "dwarf-with-dsym";
				ENABLE_NS_ASSERTIONS = NO;
				ENABLE_STRICT_OBJC_MSGSEND = YES;
				GCC_C_LANGUAGE_STANDARD = gnu11;
				GCC_NO_COMMON_BLOCKS = YES;
				GCC_WARN_64_TO_32_BIT_CONVERSION = YES;
				GCC_WARN_ABOUT_RETURN_TYPE = YES_ERROR;
				GCC_WARN_UNDECLARED_SELECTOR = YES;
				GCC_WARN_UNINITIALIZED_AUTOS = YES_AGGRESSIVE;
				GCC_WARN_UNUSED_FUNCTION = YES;
				GCC_WARN_UNUSED_VARIABLE = YES;
				IPHONEOS_DEPLOYMENT_TARGET = 16.2;
				MTL_ENABLE_DEBUG_INFO = NO;
				MTL_FAST_MATH = YES;
				SDKROOT = iphoneos;
				SWIFT_COMPILATION_MODE = wholemodule;
				SWIFT_OPTIMIZATION_LEVEL = "-O";
				VALIDATE_PRODUCT = YES;
			};
			name = Release;
		};
		A067F1062981A2640047A21B /* Debug */ = {
			isa = XCBuildConfiguration;
			buildSettings = {
				ASSETCATALOG_COMPILER_APPICON_NAME = AppIcon;
				ASSETCATALOG_COMPILER_GLOBAL_ACCENT_COLOR_NAME = AccentColor;
				CODE_SIGN_STYLE = Automatic;
				CURRENT_PROJECT_VERSION = 1;
				DEVELOPMENT_TEAM = SZ6ZH2W5K5;
				GENERATE_INFOPLIST_FILE = YES;
				INFOPLIST_FILE = urlsessions/Info.plist;
				INFOPLIST_KEY_UIApplicationSupportsIndirectInputEvents = YES;
				INFOPLIST_KEY_UILaunchStoryboardName = LaunchScreen;
				INFOPLIST_KEY_UIMainStoryboardFile = Main;
				INFOPLIST_KEY_UISupportedInterfaceOrientations_iPad = "UIInterfaceOrientationPortrait UIInterfaceOrientationPortraitUpsideDown UIInterfaceOrientationLandscapeLeft UIInterfaceOrientationLandscapeRight";
				INFOPLIST_KEY_UISupportedInterfaceOrientations_iPhone = "UIInterfaceOrientationPortrait UIInterfaceOrientationLandscapeLeft UIInterfaceOrientationLandscapeRight";
				IPHONEOS_DEPLOYMENT_TARGET = 15.4;
				LD_RUNPATH_SEARCH_PATHS = (
					"$(inherited)",
					"@executable_path/Frameworks",
				);
				MARKETING_VERSION = 1.0;
				PRODUCT_BUNDLE_IDENTIFIER = com.tadas.urlsessions;
				PRODUCT_NAME = "$(TARGET_NAME)";
				SWIFT_EMIT_LOC_STRINGS = YES;
				SWIFT_VERSION = 5.0;
				TARGETED_DEVICE_FAMILY = "1,2";
			};
			name = Debug;
		};
		A067F1072981A2640047A21B /* Release */ = {
			isa = XCBuildConfiguration;
			buildSettings = {
				ASSETCATALOG_COMPILER_APPICON_NAME = AppIcon;
				ASSETCATALOG_COMPILER_GLOBAL_ACCENT_COLOR_NAME = AccentColor;
				CODE_SIGN_STYLE = Automatic;
				CURRENT_PROJECT_VERSION = 1;
				DEVELOPMENT_TEAM = SZ6ZH2W5K5;
				GENERATE_INFOPLIST_FILE = YES;
				INFOPLIST_FILE = urlsessions/Info.plist;
				INFOPLIST_KEY_UIApplicationSupportsIndirectInputEvents = YES;
				INFOPLIST_KEY_UILaunchStoryboardName = LaunchScreen;
				INFOPLIST_KEY_UIMainStoryboardFile = Main;
				INFOPLIST_KEY_UISupportedInterfaceOrientations_iPad = "UIInterfaceOrientationPortrait UIInterfaceOrientationPortraitUpsideDown UIInterfaceOrientationLandscapeLeft UIInterfaceOrientationLandscapeRight";
				INFOPLIST_KEY_UISupportedInterfaceOrientations_iPhone = "UIInterfaceOrientationPortrait UIInterfaceOrientationLandscapeLeft UIInterfaceOrientationLandscapeRight";
				IPHONEOS_DEPLOYMENT_TARGET = 15.4;
				LD_RUNPATH_SEARCH_PATHS = (
					"$(inherited)",
					"@executable_path/Frameworks",
				);
				MARKETING_VERSION = 1.0;
				PRODUCT_BUNDLE_IDENTIFIER = com.tadas.urlsessions;
				PRODUCT_NAME = "$(TARGET_NAME)";
				SWIFT_EMIT_LOC_STRINGS = YES;
				SWIFT_VERSION = 5.0;
				TARGETED_DEVICE_FAMILY = "1,2";
			};
			name = Release;
		};
/* End XCBuildConfiguration section */

/* Begin XCConfigurationList section */
		A067F0EC2981A2630047A21B /* Build configuration list for PBXProject "urlsessions" */ = {
			isa = XCConfigurationList;
			buildConfigurations = (
				A067F1032981A2640047A21B /* Debug */,
				A067F1042981A2640047A21B /* Release */,
			);
			defaultConfigurationIsVisible = 0;
			defaultConfigurationName = Release;
		};
		A067F1052981A2640047A21B /* Build configuration list for PBXNativeTarget "urlsessions" */ = {
			isa = XCConfigurationList;
			buildConfigurations = (
				A067F1062981A2640047A21B /* Debug */,
				A067F1072981A2640047A21B /* Release */,
			);
			defaultConfigurationIsVisible = 0;
			defaultConfigurationName = Release;
		};
/* End XCConfigurationList section */
	};
	rootObject = A067F0E92981A2630047A21B /* Project object */;
}
